
Microsoft Visual Studio Solution File, Format Version 12.00
# Visual Studio Version 17
VisualStudioVersion = 17.5.002.0
MinimumVisualStudioVersion = 10.0.40219.1
Project("{9A19103F-16F7-4668-BE54-9A1E7A4F7556}") = "Pixelart.Orders.Api", "Pixelart.Orders.Api.csproj", "{92806A96-EAF4-4926-8AB8-135989CAF656}"
EndProject
Global
	GlobalSection(SolutionConfigurationPlatforms) = preSolution
		Debug|Any CPU = Debug|Any CPU
		Release|Any CPU = Release|Any CPU
	EndGlobalSection
	GlobalSection(ProjectConfigurationPlatforms) = postSolution
		{92806A96-EAF4-4926-8AB8-135989CAF656}.Debug|Any CPU.ActiveCfg = Debug|Any CPU
		{92806A96-EAF4-4926-8AB8-135989CAF656}.Debug|Any CPU.Build.0 = Debug|Any CPU
		{92806A96-EAF4-4926-8AB8-135989CAF656}.Release|Any CPU.ActiveCfg = Release|Any CPU
		{92806A96-EAF4-4926-8AB8-135989CAF656}.Release|Any CPU.Build.0 = Release|Any CPU
	EndGlobalSection
	GlobalSection(SolutionProperties) = preSolution
		HideSolutionNode = FALSE
	EndGlobalSection
	GlobalSection(ExtensibilityGlobals) = postSolution
		SolutionGuid = {56A100DB-A4B8-4947-A6B6-752DEA90BC56}
	EndGlobalSection
EndGlobal
