Microsoft Visual Studio Solution File, Format Version 12.00
# Visual Studio Version 17
VisualStudioVersion = 17.5.2.0
MinimumVisualStudioVersion = 10.0.40219.1
Project("{FAE04EC0-301F-11D3-BF4B-00C04F79EFBC}") = "Pixelart.Customers.Application", "Pixelart.Customers.Application.csproj", "{5375D9ED-77F6-6D8D-25CE-F97C81D2D353}"
EndProject
Global
	GlobalSection(SolutionConfigurationPlatforms) = preSolution
		Debug|Any CPU = Debug|Any CPU
		Release|Any CPU = Release|Any CPU
	EndGlobalSection
	GlobalSection(ProjectConfigurationPlatforms) = postSolution
		{5375D9ED-77F6-6D8D-25CE-F97C81D2D353}.Debug|Any CPU.ActiveCfg = Debug|Any CPU
		{5375D9ED-77F6-6D8D-25CE-F97C81D2D353}.Debug|Any CPU.Build.0 = Debug|Any CPU
		{5375D9ED-77F6-6D8D-25CE-F97C81D2D353}.Release|Any CPU.ActiveCfg = Release|Any CPU
		{5375D9ED-77F6-6D8D-25CE-F97C81D2D353}.Release|Any CPU.Build.0 = Release|Any CPU
	EndGlobalSection
	GlobalSection(SolutionProperties) = preSolution
		HideSolutionNode = FALSE
	EndGlobalSection
	GlobalSection(ExtensibilityGlobals) = postSolution
		SolutionGuid = {BAA322C4-986F-40A5-9CF9-D357C00BE5D3}
	EndGlobalSection
EndGlobal
